github.com/fastschema/qjs v0.0.6 h1:C45KMmQMd21UwsUAmQHxUxiWOfzwTg1GJW0DA0AbFEE=
github.com/fastschema/qjs v0.0.6/go.mod h1:bbg36wxXnx8g0FdKIe5+nCubrQvHa7XEVWqUptjHt/A=
github.com/tetratelabs/wazero v1.9.0 h1:IcZ56OuxrtaEz8UYNRHBrUa9bYeX9oVY93KspZZBf/I=
github.com/tetratelabs/wazero v1.9.0/go.mod h1:TSbcXCfFP0L2FGkRPxHphadXPjo1T6W+CseNNY7EkjM=
github.com/tetratelabs/wazero v1.12.0 h1:DuWcpNu/FzgEXgGBDp8J1Spc+CWOvvtvVyjKlaZopYU=
github.com/tetratelabs/wazero v1.12.0/go.mod h1:LvKtzl2RqO4gyF27BiXU+nKAjcV8f38U+kP/q2vgxh0=
golang.org/x/sys v0.44.0 h1:ildZl3J4uzeKP07r2F++Op7E9B29JRUy+a27EibtBTQ=
golang.org/x/sys v0.44.0/go.mod h1:4GL1E5IUh+htKOUEOaiffhrAeqysfVGipDYzABqnCmw=
